// !$*UTF8*$!
{
	archiveVersion = 1;
	classes = {
	};
	objectVersion = 50;
	objects = {

/* Begin PBXBuildFile section */
		463B23740E69A9A21AB06427 /* Pods_SwiftHelloWorld.framework in Frameworks */ = {isa = PBXBuildFile; fileRef = DDFF197CE59C658147B74207 /* Pods_SwiftHelloWorld.framework */; };
		A17094A8207FB9E8003D0497 /* AppDelegate.swift in Sources */ = {isa = PBXBuildFile; fileRef = A17094A7207FB9E8003D0497 /* AppDelegate.swift */; };
		A17094AA207FB9E8003D0497 /* ViewController.swift in Sources */ = {isa = PBXBuildFile; fileRef = A17094A9207FB9E8003D0497 /* ViewController.swift */; };
		A17094AD207FB9E8003D0497 /* Main.storyboard in Resources */ = {isa = PBXBuildFile; fileRef = A17094AB207FB9E8003D0497 /* Main.storyboard */; };
		A17094AF207FB9E8003D0497 /* Assets.xcassets in Resources */ = {isa = PBXBuildFile; fileRef = A17094AE207FB9E8003D0497 /* Assets.xcassets */; };
		A17094B2207FB9E8003D0497 /* LaunchScreen.storyboard in Resources */ = {isa = PBXBuildFile; fileRef = A17094B0207FB9E8003D0497 /* LaunchScreen.storyboard */; };
/* End PBXBuildFile section */

/* Begin PBXFileReference section */
		59270807C9B604968349F7E4 /* Pods-SwiftHelloWorld.release.xcconfig */ = {isa = PBXFileReference; includeInIndex = 1; lastKnownFileType = text.xcconfig; name = "Pods-SwiftHelloWorld.release.xcconfig"; path = "Pods/Target Support Files/Pods-SwiftHelloWorld/Pods-SwiftHelloWorld.release.xcconfig"; sourceTree = "<group>"; };
		A17094A4207FB9E8003D0497 /* SwiftHelloWorld.app */ = {isa = PBXFileReference; explicitFileType = wrapper.application; includeInIndex = 0; path = SwiftHelloWorld.app; sourceTree = BUILT_PRODUCTS_DIR; };
		A17094A7207FB9E8003D0497 /* AppDelegate.swift */ = {isa = PBXFileReference; lastKnownFileType = sourcecode.swift; path = AppDelegate.swift; sourceTree = "<group>"; };
		A17094A9207FB9E8003D0497 /* ViewController.swift */ = {isa = PBXFileReference; lastKnownFileType = sourcecode.swift; path = ViewController.swift; sourceTree = "<group>"; };
		A17094AC207FB9E8003D0497 /* Base */ = {isa = PBXFileReference; lastKnownFileType = file.storyboard; name = Base; path = Base.lproj/Main.storyboard; sourceTree = "<group>"; };
		A17094AE207FB9E8003D0497 /* Assets.xcassets */ = {isa = PBXFileReference; lastKnownFileType = folder.assetcatalog; path = Assets.xcassets; sourceTree = "<group>"; };
		A17094B1207FB9E8003D0497 /* Base */ = {isa = PBXFileReference; lastKnownFileType = file.storyboard; name = Base; path = Base.lproj/LaunchScreen.storyboard; sourceTree = "<group>"; };
		A17094B3207FB9E8003D0497 /* Info.plist */ = {isa = PBXFileReference; lastKnownFileType = text.plist.xml; path = Info.plist; sourceTree = "<group>"; };
		DDFF197CE59C658147B74207 /* Pods_SwiftHelloWorld.framework */ = {isa = PBXFileReference; explicitFileType = wrapper.framework; includeInIndex = 0; path = Pods_SwiftHelloWorld.framework; sourceTree = BUILT_PRODUCTS_DIR; };
		E5C994744B8CB8E674B5B0B8 /* Pods-SwiftHelloWorld.debug.xcconfig */ = {isa = PBXFileReference; includeInIndex = 1; lastKnownFileType = text.xcconfig; name = "Pods-SwiftHelloWorld.debug.xcconfig"; path = "Pods/Target Support Files/Pods-SwiftHelloWorld/Pods-SwiftHelloWorld.debug.xcconfig"; sourceTree = "<group>"; };
/* End PBXFileReference section */

/* Begin PBXFrameworksBuildPhase section */
		A17094A1207FB9E8003D0497 /* Frameworks */ = {
			isa = PBXFrameworksBuildPhase;
			buildActionMask = 2147483647;
			files = (
				463B23740E69A9A21AB06427 /* Pods_SwiftHelloWorld.framework in Frameworks */,
			);
			runOnlyForDeploymentPostprocessing = 0;
		};
/* End PBXFrameworksBuildPhase section */

/* Begin PBXGroup section */
		07638FDE8CE5B6A9A747420D /* Pods */ = {
			isa = PBXGroup;
			children = (
				E5C994744B8CB8E674B5B0B8 /* Pods-SwiftHelloWorld.debug.xcconfig */,
				59270807C9B604968349F7E4 /* Pods-SwiftHelloWorld.release.xcconfig */,
			);
			name = Pods;
			sourceTree = "<group>";
		};
		A170949B207FB9E8003D0497 = {
			isa = PBXGroup;
			children = (
				A17094A6207FB9E8003D0497 /* SwiftHelloWorld */,
				A17094A5207FB9E8003D0497 /* Products */,
				07638FDE8CE5B6A9A747420D /* Pods */,
				D6DF75E95FB434C11519EFB9 /* Frameworks */,
			);
			sourceTree = "<group>";
		};
		A17094A5207FB9E8003D0497 /* Products */ = {
			isa = PBXGroup;
			children = (
				A17094A4207FB9E8003D0497 /* SwiftHelloWorld.app */,
			);
			name = Products;
			sourceTree = "<group>";
		};
		A17094A6207FB9E8003D0497 /* SwiftHelloWorld */ = {
			isa = PBXGroup;
			children = (
				A17094A7207FB9E8003D0497 /* AppDelegate.swift */,
				A17094A9207FB9E8003D0497 /* ViewController.swift */,
				A17094AB207FB9E8003D0497 /* Main.storyboard */,
				A17094AE207FB9E8003D0497 /* Assets.xcassets */,
				A17094B0207FB9E8003D0497 /* LaunchScreen.storyboard */,
				A17094B3207FB9E8003D0497 /* Info.plist */,
			);
			path = SwiftHelloWorld;
			sourceTree = "<group>";
		};
		D6DF75E95FB434C11519EFB9 /* Frameworks */ = {
			isa = PBXGroup;
			children = (
				DDFF197CE59C658147B74207 /* Pods_SwiftHelloWorld.framework */,
			);
			name = Frameworks;
			sourceTree = "<group>";
		};
/* End PBXGroup section */

/* Begin PBXNativeTarget section */
		A17094A3207FB9E8003D0497 /* SwiftHelloWorld */ = {
			isa = PBXNativeTarget;
			buildConfigurationList = A17094B6207FB9E8003D0497 /* Build configuration list for PBXNativeTarget "SwiftHelloWorld" */;
			buildPhases = (
				7330FAC409C8D8B9FF801CA4 /* [CP] Check Pods Manifest.lock */,
				A17094A0207FB9E8003D0497 /* Sources */,
				A17094A1207FB9E8003D0497 /* Frameworks */,
				A17094A2207FB9E8003D0497 /* Resources */,
				B3DA3B9C2F2A6AEF0BD42024 /* [CP] Embed Pods Frameworks */,
			);
			buildRules = (
			);
			dependencies = (
			);
			name = SwiftHelloWorld;
			productName = SwiftHelloWorld;
			productReference = A17094A4207FB9E8003D0497 /* SwiftHelloWorld.app */;
			productType = "com.apple.product-type.application";
		};
/* End PBXNativeTarget section */

/* Begin PBXProject section */
		A170949C207FB9E8003D0497 /* Project object */ = {
			isa = PBXProject;
			attributes = {
				LastSwiftUpdateCheck = 0930;
				LastUpgradeCheck = 0930;
				TargetAttributes = {
					A17094A3207FB9E8003D0497 = {
						CreatedOnToolsVersion = 9.3;
					};
				};
			};
			buildConfigurationList = A170949F207FB9E8003D0497 /* Build configuration list for PBXProject "SwiftHelloWorld" */;
			compatibilityVersion = "Xcode 9.3";
			developmentRegion = en;
			hasScannedForEncodings = 0;
			knownRegions = (
				en,
				Base,
			);
			mainGroup = A170949B207FB9E8003D0497;
			productRefGroup = A17094A5207FB9E8003D0497 /* Products */;
			projectDirPath = "";
			projectRoot = "";
			targets = (
				A17094A3207FB9E8003D0497 /* SwiftHelloWorld */,
			);
		};
/* End PBXProject section */

/* Begin PBXResourcesBuildPhase section */
		A17094A2207FB9E8003D0497 /* Resources */ = {
			isa = PBXResourcesBuildPhase;
			buildActionMask = 2147483647;
			files = (
				A17094B2207FB9E8003D0497 /* LaunchScreen.storyboard in Resources */,
				A17094AF207FB9E8003D0497 /* Assets.xcassets in Resources */,
				A17094AD207FB9E8003D0497 /* Main.storyboard in Resources */,
			);
			runOnlyForDeploymentPostprocessing = 0;
		};
/* End PBXResourcesBuildPhase section */

/* Begin PBXShellScriptBuildPhase section */
		7330FAC409C8D8B9FF801CA4 /* [CP] Check Pods Manifest.lock */ = {
			isa = PBXShellScriptBuildPhase;
			buildActionMask = 2147483647;
			files = (
			);
			inputPaths = (
				"${PODS_PODFILE_DIR_PATH}/Podfile.lock",
				"${PODS_ROOT}/Manifest.lock",
			);
			name = "[CP] Check Pods Manifest.lock";
			outputPaths = (
				"$(DERIVED_FILE_DIR)/Pods-SwiftHelloWorld-checkManifestLockResult.txt",
			);
			runOnlyForDeploymentPostprocessing = 0;
			shellPath = /bin/sh;
			shellScript = "diff \"${PODS_PODFILE_DIR_PATH}/Podfile.lock\" \"${PODS_ROOT}/Manifest.lock\" > /dev/null\nif [ $? != 0 ] ; then\n    # print error to STDERR\n    echo \"error: The sandbox is not in sync with the Podfile.lock. Run 'pod install' or update your CocoaPods installation.\" >&2\n    exit 1\nfi\n# This output is used by Xcode 'outputs' to avoid re-running this script phase.\necho \"SUCCESS\" > \"${SCRIPT_OUTPUT_FILE_0}\"\n";
			showEnvVarsInLog = 0;
		};
		B3DA3B9C2F2A6AEF0BD42024 /* [CP] Embed Pods Frameworks */ = {
			isa = PBXShellScriptBuildPhase;
			buildActionMask = 2147483647;
			files = (
			);
			inputPaths = (
				"${SRCROOT}/Pods/Target Support Files/Pods-SwiftHelloWorld/Pods-SwiftHelloWorld-frameworks.sh",
				"${BUILT_PRODUCTS_DIR}/DoubleConversion/DoubleConversion.framework",
				"${BUILT_PRODUCTS_DIR}/Folly/folly.framework",
				"${BUILT_PRODUCTS_DIR}/React/React.framework",
				"${BUILT_PRODUCTS_DIR}/glog/glog.framework",
				"${BUILT_PRODUCTS_DIR}/yoga/yoga.framework",
			);
			name = "[CP] Embed Pods Frameworks";
			outputPaths = (
				"${TARGET_BUILD_DIR}/${FRAMEWORKS_FOLDER_PATH}/DoubleConversion.framework",
				"${TARGET_BUILD_DIR}/${FRAMEWORKS_FOLDER_PATH}/folly.framework",
				"${TARGET_BUILD_DIR}/${FRAMEWORKS_FOLDER_PATH}/React.framework",
				"${TARGET_BUILD_DIR}/${FRAMEWORKS_FOLDER_PATH}/glog.framework",
				"${TARGET_BUILD_DIR}/${FRAMEWORKS_FOLDER_PATH}/yoga.framework",
			);
			runOnlyForDeploymentPostprocessing = 0;
			shellPath = /bin/sh;
			shellScript = "\"${SRCROOT}/Pods/Target Support Files/Pods-SwiftHelloWorld/Pods-SwiftHelloWorld-frameworks.sh\"\n";
			showEnvVarsInLog = 0;
		};
/* End PBXShellScriptBuildPhase section */

/* Begin PBXSourcesBuildPhase section */
		A17094A0207FB9E8003D0497 /* Sources */ = {
			isa = PBXSourcesBuildPhase;
			buildActionMask = 2147483647;
			files = (
				A17094AA207FB9E8003D0497 /* ViewController.swift in Sources */,
				A17094A8207FB9E8003D0497 /* AppDelegate.swift in Sources */,
			);
			runOnlyForDeploymentPostprocessing = 0;
		};
/* End PBXSourcesBuildPhase section */

/* Begin PBXVariantGroup section */
		A17094AB207FB9E8003D0497 /* Main.storyboard */ = {
			isa = PBXVariantGroup;
			children = (
				A17094AC207FB9E8003D0497 /* Base */,
			);
			name = Main.storyboard;
			sourceTree = "<group>";
		};
		A17094B0207FB9E8003D0497 /* LaunchScreen.storyboard */ = {
			isa = PBXVariantGroup;
			children = (
				A17094B1207FB9E8003D0497 /* Base */,
			);
			name = LaunchScreen.storyboard;
			sourceTree = "<group>";
		};
/* End PBXVariantGroup section */

/* Begin XCBuildConfiguration section */
		A17094B4207FB9E8003D0497 /* Debug */ = {
			isa = XCBuildConfiguration;
			buildSettings = {
				ALWAYS_SEARCH_USER_PATHS = NO;
				CLANG_ANALYZER_NONNULL = YES;
				CLANG_ANALYZER_NUMBER_OBJECT_CONVERSION = YES_AGGRESSIVE;
				CLANG_CXX_LANGUAGE_STANDARD = "gnu++14";
				CLANG_CXX_LIBRARY = "libc++";
				CLANG_ENABLE_MODULES = YES;
				CLANG_ENABLE_OBJC_ARC = YES;
				CLANG_ENABLE_OBJC_WEAK = YES;
				CLANG_WARN_BLOCK_CAPTURE_AUTORELEASING = YES;
				CLANG_WARN_BOOL_CONVERSION = YES;
				CLANG_WARN_COMMA = YES;
				CLANG_WARN_CONSTANT_CONVERSION = YES;
				CLANG_WARN_DEPRECATED_OBJC_IMPLEMENTATIONS = YES;
				CLANG_WARN_DIRECT_OBJC_ISA_USAGE = YES_ERROR;
				CLANG_WARN_DOCUMENTATION_COMMENTS = YES;
				CLANG_WARN_EMPTY_BODY = YES;
				CLANG_WARN_ENUM_CONVERSION = YES;
				CLANG_WARN_INFINITE_RECURSION = YES;
				CLANG_WARN_INT_CONVERSION = YES;
				CLANG_WARN_NON_LITERAL_NULL_CONVERSION = YES;
				CLANG_WARN_OBJC_IMPLICIT_RETAIN_SELF = YES;
				CLANG_WARN_OBJC_LITERAL_CONVERSION = YES;
				CLANG_WARN_OBJC_ROOT_CLASS = YES_ERROR;
				CLANG_WARN_RANGE_LOOP_ANALYSIS = YES;
				CLANG_WARN_STRICT_PROTOTYPES = YES;
				CLANG_WARN_SUSPICIOUS_MOVE = YES;
				CLANG_WARN_UNGUARDED_AVAILABILITY = YES_AGGRESSIVE;
				CLANG_WARN_UNREACHABLE_CODE = YES;
				CLANG_WARN__DUPLICATE_METHOD_MATCH = YES;
				CODE_SIGN_IDENTITY = "iPhone Developer";
				COPY_PHASE_STRIP = NO;
				DEBUG_INFORMATION_FORMAT = dwarf;
				ENABLE_STRICT_OBJC_MSGSEND = YES;
				ENABLE_TESTABILITY = YES;
				GCC_C_LANGUAGE_STANDARD = gnu11;
				GCC_DYNAMIC_NO_PIC = NO;
				GCC_NO_COMMON_BLOCKS = YES;
				GCC_OPTIMIZATION_LEVEL = 0;
				GCC_PREPROCESSOR_DEFINITIONS = (
					"DEBUG=1",
					"$(inherited)",
				);
				GCC_WARN_64_TO_32_BIT_CONVERSION = YES;
				GCC_WARN_ABOUT_RETURN_TYPE = YES_ERROR;
				GCC_WARN_UNDECLARED_SELECTOR = YES;
				GCC_WARN_UNINITIALIZED_AUTOS = YES_AGGRESSIVE;
				GCC_WARN_UNUSED_FUNCTION = YES;
				GCC_WARN_UNUSED_VARIABLE = YES;
				IPHONEOS_DEPLOYMENT_TARGET = 11.3;
				MTL_ENABLE_DEBUG_INFO = YES;
				ONLY_ACTIVE_ARCH = YES;
				SDKROOT = iphoneos;
				SWIFT_ACTIVE_COMPILATION_CONDITIONS = DEBUG;
				SWIFT_OPTIMIZATION_LEVEL = "-Onone";
			};
			name = Debug;
		};
		A17094B5207FB9E8003D0497 /* Release */ = {
			isa = XCBuildConfiguration;
			buildSettings = {
				ALWAYS_SEARCH_USER_PATHS = NO;
				CLANG_ANALYZER_NONNULL = YES;
				CLANG_ANALYZER_NUMBER_OBJECT_CONVERSION = YES_AGGRESSIVE;
				CLANG_CXX_LANGUAGE_STANDARD = "gnu++14";
				CLANG_CXX_LIBRARY = "libc++";
				CLANG_ENABLE_MODULES = YES;
				CLANG_ENABLE_OBJC_ARC = YES;
				CLANG_ENABLE_OBJC_WEAK = YES;
				CLANG_WARN_BLOCK_CAPTURE_AUTORELEASING = YES;
				CLANG_WARN_BOOL_CONVERSION = YES;
				CLANG_WARN_COMMA = YES;
				CLANG_WARN_CONSTANT_CONVERSION = YES;
				CLANG_WARN_DEPRECATED_OBJC_IMPLEMENTATIONS = YES;
				CLANG_WARN_DIRECT_OBJC_ISA_USAGE = YES_ERROR;
				CLANG_WARN_DOCUMENTATION_COMMENTS = YES;
				CLANG_WARN_EMPTY_BODY = YES;
				CLANG_WARN_ENUM_CONVERSION = YES;
				CLANG_WARN_INFINITE_RECURSION = YES;
				CLANG_WARN_INT_CONVERSION = YES;
				CLANG_WARN_NON_LITERAL_NULL_CONVERSION = YES;
				CLANG_WARN_OBJC_IMPLICIT_RETAIN_SELF = YES;
				CLANG_WARN_OBJC_LITERAL_CONVERSION = YES;
				CLANG_WARN_OBJC_ROOT_CLASS = YES_ERROR;
				CLANG_WARN_RANGE_LOOP_ANALYSIS = YES;
				CLANG_WARN_STRICT_PROTOTYPES = YES;
				CLANG_WARN_SUSPICIOUS_MOVE = YES;
				CLANG_WARN_UNGUARDED_AVAILABILITY = YES_AGGRESSIVE;
				CLANG_WARN_UNREACHABLE_CODE = YES;
				CLANG_WARN__DUPLICATE_METHOD_MATCH = YES;
				CODE_SIGN_IDENTITY = "iPhone Developer";
				COPY_PHASE_STRIP = NO;
				DEBUG_INFORMATION_FORMAT = "dwarf-with-dsym";
				ENABLE_NS_ASSERTIONS = NO;
				ENABLE_STRICT_OBJC_MSGSEND = YES;
				GCC_C_LANGUAGE_STANDARD = gnu11;
				GCC_NO_COMMON_BLOCKS = YES;
				GCC_WARN_64_TO_32_BIT_CONVERSION = YES;
				GCC_WARN_ABOUT_RETURN_TYPE = YES_ERROR;
				GCC_WARN_UNDECLARED_SELECTOR = YES;
				GCC_WARN_UNINITIALIZED_AUTOS = YES_AGGRESSIVE;
				GCC_WARN_UNUSED_FUNCTION = YES;
				GCC_WARN_UNUSED_VARIABLE = YES;
				IPHONEOS_DEPLOYMENT_TARGET = 11.3;
				MTL_ENABLE_DEBUG_INFO = NO;
				SDKROOT = iphoneos;
				SWIFT_COMPILATION_MODE = wholemodule;
				SWIFT_OPTIMIZATION_LEVEL = "-O";
				VALIDATE_PRODUCT = YES;
			};
			name = Release;
		};
		A17094B7207FB9E8003D0497 /* Debug */ = {
			isa = XCBuildConfiguration;
			baseConfigurationReference = E5C994744B8CB8E674B5B0B8 /* Pods-SwiftHelloWorld.debug.xcconfig */;
			buildSettings = {
				ASSETCATALOG_COMPILER_APPICON_NAME = AppIcon;
				CODE_SIGN_STYLE = Automatic;
				INFOPLIST_FILE = SwiftHelloWorld/Info.plist;
				LD_RUNPATH_SEARCH_PATHS = "$(inherited) @executable_path/Frameworks";
				PRODUCT_BUNDLE_IDENTIFIER = com.sapient.giaran.try.SwiftHelloWorld;
				PRODUCT_NAME = "$(TARGET_NAME)";
				SWIFT_VERSION = 4.0;
				TARGETED_DEVICE_FAMILY = "1,2";
			};
			name = Debug;
		};
		A17094B8207FB9E8003D0497 /* Release */ = {
			isa = XCBuildConfiguration;
			baseConfigurationReference = 59270807C9B604968349F7E4 /* Pods-SwiftHelloWorld.release.xcconfig */;
			buildSettings = {
				ASSETCATALOG_COMPILER_APPICON_NAME = AppIcon;
				CODE_SIGN_STYLE = Automatic;
				INFOPLIST_FILE = SwiftHelloWorld/Info.plist;
				LD_RUNPATH_SEARCH_PATHS = "$(inherited) @executable_path/Frameworks";
				PRODUCT_BUNDLE_IDENTIFIER = com.sapient.giaran.try.SwiftHelloWorld;
				PRODUCT_NAME = "$(TARGET_NAME)";
				SWIFT_VERSION = 4.0;
				TARGETED_DEVICE_FAMILY = "1,2";
			};
			name = Release;
		};
/* End XCBuildConfiguration section */

/* Begin XCConfigurationList section */
		A170949F207FB9E8003D0497 /* Build configuration list for PBXProject "SwiftHelloWorld" */ = {
			isa = XCConfigurationList;
			buildConfigurations = (
				A17094B4207FB9E8003D0497 /* Debug */,
				A17094B5207FB9E8003D0497 /* Release */,
			);
			defaultConfigurationIsVisible = 0;
			defaultConfigurationName = Release;
		};
		A17094B6207FB9E8003D0497 /* Build configuration list for PBXNativeTarget "SwiftHelloWorld" */ = {
			isa = XCConfigurationList;
			buildConfigurations = (
				A17094B7207FB9E8003D0497 /* Debug */,
				A17094B8207FB9E8003D0497 /* Release */,
			);
			defaultConfigurationIsVisible = 0;
			defaultConfigurationName = Release;
		};
/* End XCConfigurationList section */
	};
	rootObject = A170949C207FB9E8003D0497 /* Project object */;
}
